
Microsoft Visual Studio Solution File, Format Version 12.00
# Visual Studio Version 17
VisualStudioVersion = 17.12.35506.116
MinimumVisualStudioVersion = 10.0.40219.1
Project("{FAE04EC0-301F-11D3-BF4B-00C04F79EFBC}") = "ProcessMultipleExceptions", "ProcessMultipleExceptions\ProcessMultipleExceptions.csproj", "{389691EA-6D56-4475-946C-8E4B24DB7078}"
EndProject
Project("{FAE04EC0-301F-11D3-BF4B-00C04F79EFBC}") = "CustomInterface", "CustomInterface\CustomInterface.csproj", "{76322765-65DE-4A27-9654-690E5D1629A4}"
EndProject
Project("{FAE04EC0-301F-11D3-BF4B-00C04F79EFBC}") = "CustomEnumerator", "CustomEnumerator\CustomEnumerator.csproj", "{734B08CB-1346-4414-8D2F-02CF3E351475}"
EndProject
Project("{FAE04EC0-301F-11D3-BF4B-00C04F79EFBC}") = "CustomEnumeratorWithYield", "CustomEnumeratorWithYield\CustomEnumeratorWithYield.csproj", "{FE5B016A-B5A4-4F77-8667-756EA7E10DF1}"
EndProject
Project("{FAE04EC0-301F-11D3-BF4B-00C04F79EFBC}") = "CloneablePoint", "CloneablePoint\CloneablePoint.csproj", "{45B89F32-2EDB-419F-9FC4-2A4642F8775E}"
EndProject
Project("{FAE04EC0-301F-11D3-BF4B-00C04F79EFBC}") = "ComparableCar", "ComparableCar\ComparableCar.csproj", "{243DF226-2C0A-45AF-9947-7A65A917AD22}"
EndProject
Global
	GlobalSection(SolutionConfigurationPlatforms) = preSolution
		Debug|Any CPU = Debug|Any CPU
		Release|Any CPU = Release|Any CPU
	EndGlobalSection
	GlobalSection(ProjectConfigurationPlatforms) = postSolution
		{389691EA-6D56-4475-946C-8E4B24DB7078}.Debug|Any CPU.ActiveCfg = Debug|Any CPU
		{389691EA-6D56-4475-946C-8E4B24DB7078}.Debug|Any CPU.Build.0 = Debug|Any CPU
		{389691EA-6D56-4475-946C-8E4B24DB7078}.Release|Any CPU.ActiveCfg = Release|Any CPU
		{389691EA-6D56-4475-946C-8E4B24DB7078}.Release|Any CPU.Build.0 = Release|Any CPU
		{76322765-65DE-4A27-9654-690E5D1629A4}.Debug|Any CPU.ActiveCfg = Debug|Any CPU
		{76322765-65DE-4A27-9654-690E5D1629A4}.Debug|Any CPU.Build.0 = Debug|Any CPU
		{76322765-65DE-4A27-9654-690E5D1629A4}.Release|Any CPU.ActiveCfg = Release|Any CPU
		{76322765-65DE-4A27-9654-690E5D1629A4}.Release|Any CPU.Build.0 = Release|Any CPU
		{734B08CB-1346-4414-8D2F-02CF3E351475}.Debug|Any CPU.ActiveCfg = Debug|Any CPU
		{734B08CB-1346-4414-8D2F-02CF3E351475}.Debug|Any CPU.Build.0 = Debug|Any CPU
		{734B08CB-1346-4414-8D2F-02CF3E351475}.Release|Any CPU.ActiveCfg = Release|Any CPU
		{734B08CB-1346-4414-8D2F-02CF3E351475}.Release|Any CPU.Build.0 = Release|Any CPU
		{FE5B016A-B5A4-4F77-8667-756EA7E10DF1}.Debug|Any CPU.ActiveCfg = Debug|Any CPU
		{FE5B016A-B5A4-4F77-8667-756EA7E10DF1}.Debug|Any CPU.Build.0 = Debug|Any CPU
		{FE5B016A-B5A4-4F77-8667-756EA7E10DF1}.Release|Any CPU.ActiveCfg = Release|Any CPU
		{FE5B016A-B5A4-4F77-8667-756EA7E10DF1}.Release|Any CPU.Build.0 = Release|Any CPU
		{45B89F32-2EDB-419F-9FC4-2A4642F8775E}.Debug|Any CPU.ActiveCfg = Debug|Any CPU
		{45B89F32-2EDB-419F-9FC4-2A4642F8775E}.Debug|Any CPU.Build.0 = Debug|Any CPU
		{45B89F32-2EDB-419F-9FC4-2A4642F8775E}.Release|Any CPU.ActiveCfg = Release|Any CPU
		{45B89F32-2EDB-419F-9FC4-2A4642F8775E}.Release|Any CPU.Build.0 = Release|Any CPU
		{243DF226-2C0A-45AF-9947-7A65A917AD22}.Debug|Any CPU.ActiveCfg = Debug|Any CPU
		{243DF226-2C0A-45AF-9947-7A65A917AD22}.Debug|Any CPU.Build.0 = Debug|Any CPU
		{243DF226-2C0A-45AF-9947-7A65A917AD22}.Release|Any CPU.ActiveCfg = Release|Any CPU
		{243DF226-2C0A-45AF-9947-7A65A917AD22}.Release|Any CPU.Build.0 = Release|Any CPU
	EndGlobalSection
	GlobalSection(SolutionProperties) = preSolution
		HideSolutionNode = FALSE
	EndGlobalSection
EndGlobal
